
Microsoft Visual Studio Solution File, Format Version 12.00
# Visual Studio 14
VisualStudioVersion = 14.0.23107.0
MinimumVisualStudioVersion = 10.0.40219.1
Project("{FAE04EC0-301F-11D3-BF4B-00C04F79EFBC}") = "AngularAzureSearch.WebAPI", "AngularAzureSearch.WebAPI\AngularAzureSearch.WebAPI.csproj", "{F2230D4E-A685-460E-8CA5-F722D635CE5B}"
EndProject
Project("{FAE04EC0-301F-11D3-BF4B-00C04F79EFBC}") = "AngularAzureSearch.WebRole", "AngularAzureSearch.WebRole\AngularAzureSearch.WebRole.csproj", "{B4AB42B5-3CCA-4B27-B37F-AF649680262C}"
EndProject
Global
	GlobalSection(SolutionConfigurationPlatforms) = preSolution
		Debug|Any CPU = Debug|Any CPU
		Release|Any CPU = Release|Any CPU
	EndGlobalSection
	GlobalSection(ProjectConfigurationPlatforms) = postSolution
		{F2230D4E-A685-460E-8CA5-F722D635CE5B}.Debug|Any CPU.ActiveCfg = Debug|Any CPU
		{F2230D4E-A685-460E-8CA5-F722D635CE5B}.Debug|Any CPU.Build.0 = Debug|Any CPU
		{F2230D4E-A685-460E-8CA5-F722D635CE5B}.Release|Any CPU.ActiveCfg = Release|Any CPU
		{F2230D4E-A685-460E-8CA5-F722D635CE5B}.Release|Any CPU.Build.0 = Release|Any CPU
		{B4AB42B5-3CCA-4B27-B37F-AF649680262C}.Debug|Any CPU.ActiveCfg = Debug|Any CPU
		{B4AB42B5-3CCA-4B27-B37F-AF649680262C}.Debug|Any CPU.Build.0 = Debug|Any CPU
		{B4AB42B5-3CCA-4B27-B37F-AF649680262C}.Release|Any CPU.ActiveCfg = Release|Any CPU
		{B4AB42B5-3CCA-4B27-B37F-AF649680262C}.Release|Any CPU.Build.0 = Release|Any CPU
	EndGlobalSection
	GlobalSection(SolutionProperties) = preSolution
		HideSolutionNode = FALSE
	EndGlobalSection
EndGlobal
