
Microsoft Visual Studio Solution File, Format Version 12.00
# Visual Studio 14
VisualStudioVersion = 14.0.24720.0
MinimumVisualStudioVersion = 10.0.40219.1
Project("{2150E333-8FDC-42A3-9474-1A3956D46DE8}") = "PublishScripts", "PublishScripts", "{019B642F-5887-45FA-AADD-02F079FC9079}"
	ProjectSection(SolutionItems) = preProject
		PublishScripts\AzureVMPublishModule.psm1 = PublishScripts\AzureVMPublishModule.psm1
		PublishScripts\Publish-WebApplicationVM.ps1 = PublishScripts\Publish-WebApplicationVM.ps1
	EndProjectSection
EndProject
Project("{2150E333-8FDC-42A3-9474-1A3956D46DE8}") = "Configurations", "Configurations", "{882F9987-671A-41C7-AFDC-B6ED85669EDB}"
	ProjectSection(SolutionItems) = preProject
		PublishScripts\Configurations\AngularAzureSearch-WAWS-dev.json = PublishScripts\Configurations\AngularAzureSearch-WAWS-dev.json
	EndProjectSection
EndProject
Project("{FAE04EC0-301F-11D3-BF4B-00C04F79EFBC}") = "AngularAzureSearch.WebAPI", "AngularAzureSearch.WebAPI\AngularAzureSearch.WebAPI.csproj", "{F2230D4E-A685-460E-8CA5-F722D635CE5B}"
EndProject
Project("{FAE04EC0-301F-11D3-BF4B-00C04F79EFBC}") = "AngularAzureSearch.WebRole", "AngularAzureSearch.WebRole\AngularAzureSearch.WebRole.csproj", "{B4AB42B5-3CCA-4B27-B37F-AF649680262C}"
EndProject
Project("{FAE04EC0-301F-11D3-BF4B-00C04F79EFBC}") = "AngularAzureSearch.DataIndexer", "AngularAzureSearch.DataIndexer\AngularAzureSearch.DataIndexer.csproj", "{D0574C47-85F3-4A35-A1E9-AFB4E886527D}"
EndProject
Project("{262852C6-CD72-467D-83FE-5EEB1973A190}") = "AngularAzureSearch.MobileApp", "AngularAzureSearch.MobileApp\AngularAzureSearch.MobileApp.jsproj", "{834B6762-AD0D-426E-BEEB-0D35980303D4}"
EndProject
Global
	GlobalSection(SolutionConfigurationPlatforms) = preSolution
		Debug|Android = Debug|Android
		Debug|Any CPU = Debug|Any CPU
		Debug|iOS = Debug|iOS
		Debug|Windows Phone (Universal) = Debug|Windows Phone (Universal)
		Debug|Windows Phone 8 = Debug|Windows Phone 8
		Debug|Windows-AnyCPU = Debug|Windows-AnyCPU
		Debug|Windows-ARM = Debug|Windows-ARM
		Debug|Windows-x64 = Debug|Windows-x64
		Debug|Windows-x86 = Debug|Windows-x86
		Release|Android = Release|Android
		Release|Any CPU = Release|Any CPU
		Release|iOS = Release|iOS
		Release|Windows Phone (Universal) = Release|Windows Phone (Universal)
		Release|Windows Phone 8 = Release|Windows Phone 8
		Release|Windows-AnyCPU = Release|Windows-AnyCPU
		Release|Windows-ARM = Release|Windows-ARM
		Release|Windows-x64 = Release|Windows-x64
		Release|Windows-x86 = Release|Windows-x86
	EndGlobalSection
	GlobalSection(ProjectConfigurationPlatforms) = postSolution
		{F2230D4E-A685-460E-8CA5-F722D635CE5B}.Debug|Android.ActiveCfg = Debug|Any CPU
		{F2230D4E-A685-460E-8CA5-F722D635CE5B}.Debug|Android.Build.0 = Debug|Any CPU
		{F2230D4E-A685-460E-8CA5-F722D635CE5B}.Debug|Any CPU.ActiveCfg = Debug|Any CPU
		{F2230D4E-A685-460E-8CA5-F722D635CE5B}.Debug|Any CPU.Build.0 = Debug|Any CPU
		{F2230D4E-A685-460E-8CA5-F722D635CE5B}.Debug|iOS.ActiveCfg = Debug|Any CPU
		{F2230D4E-A685-460E-8CA5-F722D635CE5B}.Debug|iOS.Build.0 = Debug|Any CPU
		{F2230D4E-A685-460E-8CA5-F722D635CE5B}.Debug|Windows Phone (Universal).ActiveCfg = Debug|Any CPU
		{F2230D4E-A685-460E-8CA5-F722D635CE5B}.Debug|Windows Phone (Universal).Build.0 = Debug|Any CPU
		{F2230D4E-A685-460E-8CA5-F722D635CE5B}.Debug|Windows Phone 8.ActiveCfg = Debug|Any CPU
		{F2230D4E-A685-460E-8CA5-F722D635CE5B}.Debug|Windows Phone 8.Build.0 = Debug|Any CPU
		{F2230D4E-A685-460E-8CA5-F722D635CE5B}.Debug|Windows-AnyCPU.ActiveCfg = Debug|Any CPU
		{F2230D4E-A685-460E-8CA5-F722D635CE5B}.Debug|Windows-AnyCPU.Build.0 = Debug|Any CPU
		{F2230D4E-A685-460E-8CA5-F722D635CE5B}.Debug|Windows-ARM.ActiveCfg = Debug|Any CPU
		{F2230D4E-A685-460E-8CA5-F722D635CE5B}.Debug|Windows-ARM.Build.0 = Debug|Any CPU
		{F2230D4E-A685-460E-8CA5-F722D635CE5B}.Debug|Windows-x64.ActiveCfg = Debug|Any CPU
		{F2230D4E-A685-460E-8CA5-F722D635CE5B}.Debug|Windows-x64.Build.0 = Debug|Any CPU
		{F2230D4E-A685-460E-8CA5-F722D635CE5B}.Debug|Windows-x86.ActiveCfg = Debug|Any CPU
		{F2230D4E-A685-460E-8CA5-F722D635CE5B}.Debug|Windows-x86.Build.0 = Debug|Any CPU
		{F2230D4E-A685-460E-8CA5-F722D635CE5B}.Release|Android.ActiveCfg = Release|Any CPU
		{F2230D4E-A685-460E-8CA5-F722D635CE5B}.Release|Android.Build.0 = Release|Any CPU
		{F2230D4E-A685-460E-8CA5-F722D635CE5B}.Release|Any CPU.ActiveCfg = Release|Any CPU
		{F2230D4E-A685-460E-8CA5-F722D635CE5B}.Release|Any CPU.Build.0 = Release|Any CPU
		{F2230D4E-A685-460E-8CA5-F722D635CE5B}.Release|iOS.ActiveCfg = Release|Any CPU
		{F2230D4E-A685-460E-8CA5-F722D635CE5B}.Release|iOS.Build.0 = Release|Any CPU
		{F2230D4E-A685-460E-8CA5-F722D635CE5B}.Release|Windows Phone (Universal).ActiveCfg = Release|Any CPU
		{F2230D4E-A685-460E-8CA5-F722D635CE5B}.Release|Windows Phone (Universal).Build.0 = Release|Any CPU
		{F2230D4E-A685-460E-8CA5-F722D635CE5B}.Release|Windows Phone 8.ActiveCfg = Release|Any CPU
		{F2230D4E-A685-460E-8CA5-F722D635CE5B}.Release|Windows Phone 8.Build.0 = Release|Any CPU
		{F2230D4E-A685-460E-8CA5-F722D635CE5B}.Release|Windows-AnyCPU.ActiveCfg = Release|Any CPU
		{F2230D4E-A685-460E-8CA5-F722D635CE5B}.Release|Windows-AnyCPU.Build.0 = Release|Any CPU
		{F2230D4E-A685-460E-8CA5-F722D635CE5B}.Release|Windows-ARM.ActiveCfg = Release|Any CPU
		{F2230D4E-A685-460E-8CA5-F722D635CE5B}.Release|Windows-ARM.Build.0 = Release|Any CPU
		{F2230D4E-A685-460E-8CA5-F722D635CE5B}.Release|Windows-x64.ActiveCfg = Release|Any CPU
		{F2230D4E-A685-460E-8CA5-F722D635CE5B}.Release|Windows-x64.Build.0 = Release|Any CPU
		{F2230D4E-A685-460E-8CA5-F722D635CE5B}.Release|Windows-x86.ActiveCfg = Release|Any CPU
		{F2230D4E-A685-460E-8CA5-F722D635CE5B}.Release|Windows-x86.Build.0 = Release|Any CPU
		{B4AB42B5-3CCA-4B27-B37F-AF649680262C}.Debug|Android.ActiveCfg = Debug|Any CPU
		{B4AB42B5-3CCA-4B27-B37F-AF649680262C}.Debug|Android.Build.0 = Debug|Any CPU
		{B4AB42B5-3CCA-4B27-B37F-AF649680262C}.Debug|Any CPU.ActiveCfg = Debug|Any CPU
		{B4AB42B5-3CCA-4B27-B37F-AF649680262C}.Debug|Any CPU.Build.0 = Debug|Any CPU
		{B4AB42B5-3CCA-4B27-B37F-AF649680262C}.Debug|iOS.ActiveCfg = Debug|Any CPU
		{B4AB42B5-3CCA-4B27-B37F-AF649680262C}.Debug|iOS.Build.0 = Debug|Any CPU
		{B4AB42B5-3CCA-4B27-B37F-AF649680262C}.Debug|Windows Phone (Universal).ActiveCfg = Debug|Any CPU
		{B4AB42B5-3CCA-4B27-B37F-AF649680262C}.Debug|Windows Phone (Universal).Build.0 = Debug|Any CPU
		{B4AB42B5-3CCA-4B27-B37F-AF649680262C}.Debug|Windows Phone 8.ActiveCfg = Debug|Any CPU
		{B4AB42B5-3CCA-4B27-B37F-AF649680262C}.Debug|Windows Phone 8.Build.0 = Debug|Any CPU
		{B4AB42B5-3CCA-4B27-B37F-AF649680262C}.Debug|Windows-AnyCPU.ActiveCfg = Debug|Any CPU
		{B4AB42B5-3CCA-4B27-B37F-AF649680262C}.Debug|Windows-AnyCPU.Build.0 = Debug|Any CPU
		{B4AB42B5-3CCA-4B27-B37F-AF649680262C}.Debug|Windows-ARM.ActiveCfg = Debug|Any CPU
		{B4AB42B5-3CCA-4B27-B37F-AF649680262C}.Debug|Windows-ARM.Build.0 = Debug|Any CPU
		{B4AB42B5-3CCA-4B27-B37F-AF649680262C}.Debug|Windows-x64.ActiveCfg = Debug|Any CPU
		{B4AB42B5-3CCA-4B27-B37F-AF649680262C}.Debug|Windows-x64.Build.0 = Debug|Any CPU
		{B4AB42B5-3CCA-4B27-B37F-AF649680262C}.Debug|Windows-x86.ActiveCfg = Debug|Any CPU
		{B4AB42B5-3CCA-4B27-B37F-AF649680262C}.Debug|Windows-x86.Build.0 = Debug|Any CPU
		{B4AB42B5-3CCA-4B27-B37F-AF649680262C}.Release|Android.ActiveCfg = Release|Any CPU
		{B4AB42B5-3CCA-4B27-B37F-AF649680262C}.Release|Android.Build.0 = Release|Any CPU
		{B4AB42B5-3CCA-4B27-B37F-AF649680262C}.Release|Any CPU.ActiveCfg = Release|Any CPU
		{B4AB42B5-3CCA-4B27-B37F-AF649680262C}.Release|Any CPU.Build.0 = Release|Any CPU
		{B4AB42B5-3CCA-4B27-B37F-AF649680262C}.Release|iOS.ActiveCfg = Release|Any CPU
		{B4AB42B5-3CCA-4B27-B37F-AF649680262C}.Release|iOS.Build.0 = Release|Any CPU
		{B4AB42B5-3CCA-4B27-B37F-AF649680262C}.Release|Windows Phone (Universal).ActiveCfg = Release|Any CPU
		{B4AB42B5-3CCA-4B27-B37F-AF649680262C}.Release|Windows Phone (Universal).Build.0 = Release|Any CPU
		{B4AB42B5-3CCA-4B27-B37F-AF649680262C}.Release|Windows Phone 8.ActiveCfg = Release|Any CPU
		{B4AB42B5-3CCA-4B27-B37F-AF649680262C}.Release|Windows Phone 8.Build.0 = Release|Any CPU
		{B4AB42B5-3CCA-4B27-B37F-AF649680262C}.Release|Windows-AnyCPU.ActiveCfg = Release|Any CPU
		{B4AB42B5-3CCA-4B27-B37F-AF649680262C}.Release|Windows-AnyCPU.Build.0 = Release|Any CPU
		{B4AB42B5-3CCA-4B27-B37F-AF649680262C}.Release|Windows-ARM.ActiveCfg = Release|Any CPU
		{B4AB42B5-3CCA-4B27-B37F-AF649680262C}.Release|Windows-ARM.Build.0 = Release|Any CPU
		{B4AB42B5-3CCA-4B27-B37F-AF649680262C}.Release|Windows-x64.ActiveCfg = Release|Any CPU
		{B4AB42B5-3CCA-4B27-B37F-AF649680262C}.Release|Windows-x64.Build.0 = Release|Any CPU
		{B4AB42B5-3CCA-4B27-B37F-AF649680262C}.Release|Windows-x86.ActiveCfg = Release|Any CPU
		{B4AB42B5-3CCA-4B27-B37F-AF649680262C}.Release|Windows-x86.Build.0 = Release|Any CPU
		{D0574C47-85F3-4A35-A1E9-AFB4E886527D}.Debug|Android.ActiveCfg = Debug|Any CPU
		{D0574C47-85F3-4A35-A1E9-AFB4E886527D}.Debug|Android.Build.0 = Debug|Any CPU
		{D0574C47-85F3-4A35-A1E9-AFB4E886527D}.Debug|Any CPU.ActiveCfg = Debug|Any CPU
		{D0574C47-85F3-4A35-A1E9-AFB4E886527D}.Debug|Any CPU.Build.0 = Debug|Any CPU
		{D0574C47-85F3-4A35-A1E9-AFB4E886527D}.Debug|iOS.ActiveCfg = Debug|Any CPU
		{D0574C47-85F3-4A35-A1E9-AFB4E886527D}.Debug|iOS.Build.0 = Debug|Any CPU
		{D0574C47-85F3-4A35-A1E9-AFB4E886527D}.Debug|Windows Phone (Universal).ActiveCfg = Debug|Any CPU
		{D0574C47-85F3-4A35-A1E9-AFB4E886527D}.Debug|Windows Phone (Universal).Build.0 = Debug|Any CPU
		{D0574C47-85F3-4A35-A1E9-AFB4E886527D}.Debug|Windows Phone 8.ActiveCfg = Debug|Any CPU
		{D0574C47-85F3-4A35-A1E9-AFB4E886527D}.Debug|Windows Phone 8.Build.0 = Debug|Any CPU
		{D0574C47-85F3-4A35-A1E9-AFB4E886527D}.Debug|Windows-AnyCPU.ActiveCfg = Debug|Any CPU
		{D0574C47-85F3-4A35-A1E9-AFB4E886527D}.Debug|Windows-AnyCPU.Build.0 = Debug|Any CPU
		{D0574C47-85F3-4A35-A1E9-AFB4E886527D}.Debug|Windows-ARM.ActiveCfg = Debug|Any CPU
		{D0574C47-85F3-4A35-A1E9-AFB4E886527D}.Debug|Windows-ARM.Build.0 = Debug|Any CPU
		{D0574C47-85F3-4A35-A1E9-AFB4E886527D}.Debug|Windows-x64.ActiveCfg = Debug|Any CPU
		{D0574C47-85F3-4A35-A1E9-AFB4E886527D}.Debug|Windows-x64.Build.0 = Debug|Any CPU
		{D0574C47-85F3-4A35-A1E9-AFB4E886527D}.Debug|Windows-x86.ActiveCfg = Debug|Any CPU
		{D0574C47-85F3-4A35-A1E9-AFB4E886527D}.Debug|Windows-x86.Build.0 = Debug|Any CPU
		{D0574C47-85F3-4A35-A1E9-AFB4E886527D}.Release|Android.ActiveCfg = Release|Any CPU
		{D0574C47-85F3-4A35-A1E9-AFB4E886527D}.Release|Android.Build.0 = Release|Any CPU
		{D0574C47-85F3-4A35-A1E9-AFB4E886527D}.Release|Any CPU.ActiveCfg = Release|Any CPU
		{D0574C47-85F3-4A35-A1E9-AFB4E886527D}.Release|Any CPU.Build.0 = Release|Any CPU
		{D0574C47-85F3-4A35-A1E9-AFB4E886527D}.Release|iOS.ActiveCfg = Release|Any CPU
		{D0574C47-85F3-4A35-A1E9-AFB4E886527D}.Release|iOS.Build.0 = Release|Any CPU
		{D0574C47-85F3-4A35-A1E9-AFB4E886527D}.Release|Windows Phone (Universal).ActiveCfg = Release|Any CPU
		{D0574C47-85F3-4A35-A1E9-AFB4E886527D}.Release|Windows Phone (Universal).Build.0 = Release|Any CPU
		{D0574C47-85F3-4A35-A1E9-AFB4E886527D}.Release|Windows Phone 8.ActiveCfg = Release|Any CPU
		{D0574C47-85F3-4A35-A1E9-AFB4E886527D}.Release|Windows Phone 8.Build.0 = Release|Any CPU
		{D0574C47-85F3-4A35-A1E9-AFB4E886527D}.Release|Windows-AnyCPU.ActiveCfg = Release|Any CPU
		{D0574C47-85F3-4A35-A1E9-AFB4E886527D}.Release|Windows-AnyCPU.Build.0 = Release|Any CPU
		{D0574C47-85F3-4A35-A1E9-AFB4E886527D}.Release|Windows-ARM.ActiveCfg = Release|Any CPU
		{D0574C47-85F3-4A35-A1E9-AFB4E886527D}.Release|Windows-ARM.Build.0 = Release|Any CPU
		{D0574C47-85F3-4A35-A1E9-AFB4E886527D}.Release|Windows-x64.ActiveCfg = Release|Any CPU
		{D0574C47-85F3-4A35-A1E9-AFB4E886527D}.Release|Windows-x64.Build.0 = Release|Any CPU
		{D0574C47-85F3-4A35-A1E9-AFB4E886527D}.Release|Windows-x86.ActiveCfg = Release|Any CPU
		{D0574C47-85F3-4A35-A1E9-AFB4E886527D}.Release|Windows-x86.Build.0 = Release|Any CPU
		{834B6762-AD0D-426E-BEEB-0D35980303D4}.Debug|Android.ActiveCfg = Debug|Android
		{834B6762-AD0D-426E-BEEB-0D35980303D4}.Debug|Android.Build.0 = Debug|Android
		{834B6762-AD0D-426E-BEEB-0D35980303D4}.Debug|Android.Deploy.0 = Debug|Android
		{834B6762-AD0D-426E-BEEB-0D35980303D4}.Debug|Any CPU.ActiveCfg = Debug|Android
		{834B6762-AD0D-426E-BEEB-0D35980303D4}.Debug|iOS.ActiveCfg = Debug|iOS
		{834B6762-AD0D-426E-BEEB-0D35980303D4}.Debug|iOS.Build.0 = Debug|iOS
		{834B6762-AD0D-426E-BEEB-0D35980303D4}.Debug|iOS.Deploy.0 = Debug|iOS
		{834B6762-AD0D-426E-BEEB-0D35980303D4}.Debug|Windows Phone (Universal).ActiveCfg = Debug|Windows Phone (Universal)
		{834B6762-AD0D-426E-BEEB-0D35980303D4}.Debug|Windows Phone (Universal).Build.0 = Debug|Windows Phone (Universal)
		{834B6762-AD0D-426E-BEEB-0D35980303D4}.Debug|Windows Phone (Universal).Deploy.0 = Debug|Windows Phone (Universal)
		{834B6762-AD0D-426E-BEEB-0D35980303D4}.Debug|Windows Phone 8.ActiveCfg = Debug|Windows Phone 8
		{834B6762-AD0D-426E-BEEB-0D35980303D4}.Debug|Windows Phone 8.Build.0 = Debug|Windows Phone 8
		{834B6762-AD0D-426E-BEEB-0D35980303D4}.Debug|Windows Phone 8.Deploy.0 = Debug|Windows Phone 8
		{834B6762-AD0D-426E-BEEB-0D35980303D4}.Debug|Windows-AnyCPU.ActiveCfg = Debug|Windows-AnyCPU
		{834B6762-AD0D-426E-BEEB-0D35980303D4}.Debug|Windows-AnyCPU.Build.0 = Debug|Windows-AnyCPU
		{834B6762-AD0D-426E-BEEB-0D35980303D4}.Debug|Windows-AnyCPU.Deploy.0 = Debug|Windows-AnyCPU
		{834B6762-AD0D-426E-BEEB-0D35980303D4}.Debug|Windows-ARM.ActiveCfg = Debug|Windows-ARM
		{834B6762-AD0D-426E-BEEB-0D35980303D4}.Debug|Windows-ARM.Build.0 = Debug|Windows-ARM
		{834B6762-AD0D-426E-BEEB-0D35980303D4}.Debug|Windows-ARM.Deploy.0 = Debug|Windows-ARM
		{834B6762-AD0D-426E-BEEB-0D35980303D4}.Debug|Windows-x64.ActiveCfg = Debug|Windows-x64
		{834B6762-AD0D-426E-BEEB-0D35980303D4}.Debug|Windows-x64.Build.0 = Debug|Windows-x64
		{834B6762-AD0D-426E-BEEB-0D35980303D4}.Debug|Windows-x64.Deploy.0 = Debug|Windows-x64
		{834B6762-AD0D-426E-BEEB-0D35980303D4}.Debug|Windows-x86.ActiveCfg = Debug|Windows-x86
		{834B6762-AD0D-426E-BEEB-0D35980303D4}.Debug|Windows-x86.Build.0 = Debug|Windows-x86
		{834B6762-AD0D-426E-BEEB-0D35980303D4}.Debug|Windows-x86.Deploy.0 = Debug|Windows-x86
		{834B6762-AD0D-426E-BEEB-0D35980303D4}.Release|Android.ActiveCfg = Release|Android
		{834B6762-AD0D-426E-BEEB-0D35980303D4}.Release|Android.Build.0 = Release|Android
		{834B6762-AD0D-426E-BEEB-0D35980303D4}.Release|Android.Deploy.0 = Release|Android
		{834B6762-AD0D-426E-BEEB-0D35980303D4}.Release|Any CPU.ActiveCfg = Release|Android
		{834B6762-AD0D-426E-BEEB-0D35980303D4}.Release|iOS.ActiveCfg = Release|iOS
		{834B6762-AD0D-426E-BEEB-0D35980303D4}.Release|iOS.Build.0 = Release|iOS
		{834B6762-AD0D-426E-BEEB-0D35980303D4}.Release|iOS.Deploy.0 = Release|iOS
		{834B6762-AD0D-426E-BEEB-0D35980303D4}.Release|Windows Phone (Universal).ActiveCfg = Release|Windows Phone (Universal)
		{834B6762-AD0D-426E-BEEB-0D35980303D4}.Release|Windows Phone (Universal).Build.0 = Release|Windows Phone (Universal)
		{834B6762-AD0D-426E-BEEB-0D35980303D4}.Release|Windows Phone (Universal).Deploy.0 = Release|Windows Phone (Universal)
		{834B6762-AD0D-426E-BEEB-0D35980303D4}.Release|Windows Phone 8.ActiveCfg = Release|Windows Phone 8
		{834B6762-AD0D-426E-BEEB-0D35980303D4}.Release|Windows Phone 8.Build.0 = Release|Windows Phone 8
		{834B6762-AD0D-426E-BEEB-0D35980303D4}.Release|Windows Phone 8.Deploy.0 = Release|Windows Phone 8
		{834B6762-AD0D-426E-BEEB-0D35980303D4}.Release|Windows-AnyCPU.ActiveCfg = Release|Windows-AnyCPU
		{834B6762-AD0D-426E-BEEB-0D35980303D4}.Release|Windows-AnyCPU.Build.0 = Release|Windows-AnyCPU
		{834B6762-AD0D-426E-BEEB-0D35980303D4}.Release|Windows-AnyCPU.Deploy.0 = Release|Windows-AnyCPU
		{834B6762-AD0D-426E-BEEB-0D35980303D4}.Release|Windows-ARM.ActiveCfg = Release|Windows-ARM
		{834B6762-AD0D-426E-BEEB-0D35980303D4}.Release|Windows-ARM.Build.0 = Release|Windows-ARM
		{834B6762-AD0D-426E-BEEB-0D35980303D4}.Release|Windows-ARM.Deploy.0 = Release|Windows-ARM
		{834B6762-AD0D-426E-BEEB-0D35980303D4}.Release|Windows-x64.ActiveCfg = Release|Windows-x64
		{834B6762-AD0D-426E-BEEB-0D35980303D4}.Release|Windows-x64.Build.0 = Release|Windows-x64
		{834B6762-AD0D-426E-BEEB-0D35980303D4}.Release|Windows-x64.Deploy.0 = Release|Windows-x64
		{834B6762-AD0D-426E-BEEB-0D35980303D4}.Release|Windows-x86.ActiveCfg = Release|Windows-x86
		{834B6762-AD0D-426E-BEEB-0D35980303D4}.Release|Windows-x86.Build.0 = Release|Windows-x86
		{834B6762-AD0D-426E-BEEB-0D35980303D4}.Release|Windows-x86.Deploy.0 = Release|Windows-x86
	EndGlobalSection
	GlobalSection(SolutionProperties) = preSolution
		HideSolutionNode = FALSE
	EndGlobalSection
	GlobalSection(NestedProjects) = preSolution
		{882F9987-671A-41C7-AFDC-B6ED85669EDB} = {019B642F-5887-45FA-AADD-02F079FC9079}
	EndGlobalSection
EndGlobal
